{
    "_meta": {
        "hash": {
            "sha256": "5bc4bb76d143b618a75041e0f753a8da73fa7763c1231209e6679c8a5e4fddc0"
        },
        "pipfile-spec": 6,
        "requires": {
            "python_version": "3.7"
        },
        "sources": [
            {
                "name": "pypi",
                "url": "https://pypi.org/simple",
                "verify_ssl": true
            }
        ]
    },
    "default": {
        "django": {
            "hashes": [
                "sha256:7c3543e4fb070d14e10926189a7fcf42ba919263b7473dceaefce34d54e8a119",
                "sha256:a2814bffd1f007805b19194eb0b9a331933b82bd5da1c3ba3d7b7ba16e06dc4b"
            ],
            "index": "pypi",
            "version": "==2.2"
        },
        "django-bootstrap4": {
            "hashes": [
                "sha256:9f115534ae8d052d397201f3d716c10d7c9832b422e44dd7382418c6f274df18"
            ],
            "index": "pypi",
            "version": "==0.0.8"
        },
        "pytz": {
            "hashes": [
                "sha256:303879e36b721603cc54604edcac9d20401bdbe31e1e4fdee5b9f98d5d31dfda",
                "sha256:d747dd3d23d77ef44c6a3526e274af6efeb0a6f1afd5a69ba4d5be4098c8e141"
            ],
            "version": "==2019.1"
        },
        "sqlparse": {
            "hashes": [
                "sha256:40afe6b8d4b1117e7dff5504d7a8ce07d9a1b15aeeade8a2d10f130a834f8177",
                "sha256:7c3dca29c022744e95b547e867cee89f4fce4373f3549ccd8797d8eb52cdb873"
            ],
            "version": "==0.3.0"
        },
        "unidecode": {
            "hashes": [
                "sha256:092cdf7ad9d1052c50313426a625b717dab52f7ac58f859e09ea020953b1ad8f",
                "sha256:8b85354be8fd0c0e10adbf0675f6dc2310e56fda43fa8fe049123b6c475e52fb"
            ],
            "index": "pypi",
            "version": "==1.0.23"
        }
    },
    "develop": {}
}
